
Microsoft Visual Studio Solution File, Format Version 12.00
# Visual Studio 15
VisualStudioVersion = 15.0.28307.329
MinimumVisualStudioVersion = 10.0.40219.1
Project("{FAE04EC0-301F-11D3-BF4B-00C04F79EFBC}") = "GuidCityApp.Android", "GuidCityApp\GuidCityApp.Android\GuidCityApp.Android.csproj", "{CAFE19C4-4084-4B43-8D25-26807FCECBAF}"
EndProject
Project("{FAE04EC0-301F-11D3-BF4B-00C04F79EFBC}") = "GuidCityApp.iOS", "GuidCityApp\GuidCityApp.iOS\GuidCityApp.iOS.csproj", "{869A60B5-592C-46D9-BF61-971EECD8ED40}"
EndProject
Project("{FAE04EC0-301F-11D3-BF4B-00C04F79EFBC}") = "GuidCityApp.UWP", "GuidCityApp\GuidCityApp.UWP\GuidCityApp.UWP.csproj", "{573517A2-A476-40A9-BC45-31D9FC1C611E}"
EndProject
Project("{FAE04EC0-301F-11D3-BF4B-00C04F79EFBC}") = "GuidCityApp", "GuidCityApp\GuidCityApp\GuidCityApp.csproj", "{0FDEE3D1-42CB-4BDA-AA4F-6CB1D2417CCB}"
EndProject
Global
	GlobalSection(SolutionConfigurationPlatforms) = preSolution
		Ad-Hoc|Any CPU = Ad-Hoc|Any CPU
		Ad-Hoc|ARM = Ad-Hoc|ARM
		Ad-Hoc|iPhone = Ad-Hoc|iPhone
		Ad-Hoc|iPhoneSimulator = Ad-Hoc|iPhoneSimulator
		Ad-Hoc|x64 = Ad-Hoc|x64
		Ad-Hoc|x86 = Ad-Hoc|x86
		AppStore|Any CPU = AppStore|Any CPU
		AppStore|ARM = AppStore|ARM
		AppStore|iPhone = AppStore|iPhone
		AppStore|iPhoneSimulator = AppStore|iPhoneSimulator
		AppStore|x64 = AppStore|x64
		AppStore|x86 = AppStore|x86
		Debug|Any CPU = Debug|Any CPU
		Debug|ARM = Debug|ARM
		Debug|iPhone = Debug|iPhone
		Debug|iPhoneSimulator = Debug|iPhoneSimulator
		Debug|x64 = Debug|x64
		Debug|x86 = Debug|x86
		Release|Any CPU = Release|Any CPU
		Release|ARM = Release|ARM
		Release|iPhone = Release|iPhone
		Release|iPhoneSimulator = Release|iPhoneSimulator
		Release|x64 = Release|x64
		Release|x86 = Release|x86
	EndGlobalSection
	GlobalSection(ProjectConfigurationPlatforms) = postSolution
		{CAFE19C4-4084-4B43-8D25-26807FCECBAF}.Ad-Hoc|Any CPU.ActiveCfg = Release|Any CPU
		{CAFE19C4-4084-4B43-8D25-26807FCECBAF}.Ad-Hoc|Any CPU.Build.0 = Release|Any CPU
		{CAFE19C4-4084-4B43-8D25-26807FCECBAF}.Ad-Hoc|Any CPU.Deploy.0 = Release|Any CPU
		{CAFE19C4-4084-4B43-8D25-26807FCECBAF}.Ad-Hoc|ARM.ActiveCfg = Release|Any CPU
		{CAFE19C4-4084-4B43-8D25-26807FCECBAF}.Ad-Hoc|ARM.Build.0 = Release|Any CPU
		{CAFE19C4-4084-4B43-8D25-26807FCECBAF}.Ad-Hoc|ARM.Deploy.0 = Release|Any CPU
		{CAFE19C4-4084-4B43-8D25-26807FCECBAF}.Ad-Hoc|iPhone.ActiveCfg = Release|Any CPU
		{CAFE19C4-4084-4B43-8D25-26807FCECBAF}.Ad-Hoc|iPhone.Build.0 = Release|Any CPU
		{CAFE19C4-4084-4B43-8D25-26807FCECBAF}.Ad-Hoc|iPhone.Deploy.0 = Release|Any CPU
		{CAFE19C4-4084-4B43-8D25-26807FCECBAF}.Ad-Hoc|iPhoneSimulator.ActiveCfg = Release|Any CPU
		{CAFE19C4-4084-4B43-8D25-26807FCECBAF}.Ad-Hoc|iPhoneSimulator.Build.0 = Release|Any CPU
		{CAFE19C4-4084-4B43-8D25-26807FCECBAF}.Ad-Hoc|iPhoneSimulator.Deploy.0 = Release|Any CPU
		{CAFE19C4-4084-4B43-8D25-26807FCECBAF}.Ad-Hoc|x64.ActiveCfg = Release|Any CPU
		{CAFE19C4-4084-4B43-8D25-26807FCECBAF}.Ad-Hoc|x64.Build.0 = Release|Any CPU
		{CAFE19C4-4084-4B43-8D25-26807FCECBAF}.Ad-Hoc|x64.Deploy.0 = Release|Any CPU
		{CAFE19C4-4084-4B43-8D25-26807FCECBAF}.Ad-Hoc|x86.ActiveCfg = Release|Any CPU
		{CAFE19C4-4084-4B43-8D25-26807FCECBAF}.Ad-Hoc|x86.Build.0 = Release|Any CPU
		{CAFE19C4-4084-4B43-8D25-26807FCECBAF}.Ad-Hoc|x86.Deploy.0 = Release|Any CPU
		{CAFE19C4-4084-4B43-8D25-26807FCECBAF}.AppStore|Any CPU.ActiveCfg = Release|Any CPU
		{CAFE19C4-4084-4B43-8D25-26807FCECBAF}.AppStore|Any CPU.Build.0 = Release|Any CPU
		{CAFE19C4-4084-4B43-8D25-26807FCECBAF}.AppStore|Any CPU.Deploy.0 = Release|Any CPU
		{CAFE19C4-4084-4B43-8D25-26807FCECBAF}.AppStore|ARM.ActiveCfg = Release|Any CPU
		{CAFE19C4-4084-4B43-8D25-26807FCECBAF}.AppStore|ARM.Build.0 = Release|Any CPU
		{CAFE19C4-4084-4B43-8D25-26807FCECBAF}.AppStore|ARM.Deploy.0 = Release|Any CPU
		{CAFE19C4-4084-4B43-8D25-26807FCECBAF}.AppStore|iPhone.ActiveCfg = Release|Any CPU
		{CAFE19C4-4084-4B43-8D25-26807FCECBAF}.AppStore|iPhone.Build.0 = Release|Any CPU
		{CAFE19C4-4084-4B43-8D25-26807FCECBAF}.AppStore|iPhone.Deploy.0 = Release|Any CPU
		{CAFE19C4-4084-4B43-8D25-26807FCECBAF}.AppStore|iPhoneSimulator.ActiveCfg = Release|Any CPU
		{CAFE19C4-4084-4B43-8D25-26807FCECBAF}.AppStore|iPhoneSimulator.Build.0 = Release|Any CPU
		{CAFE19C4-4084-4B43-8D25-26807FCECBAF}.AppStore|iPhoneSimulator.Deploy.0 = Release|Any CPU
		{CAFE19C4-4084-4B43-8D25-26807FCECBAF}.AppStore|x64.ActiveCfg = Release|Any CPU
		{CAFE19C4-4084-4B43-8D25-26807FCECBAF}.AppStore|x64.Build.0 = Release|Any CPU
		{CAFE19C4-4084-4B43-8D25-26807FCECBAF}.AppStore|x64.Deploy.0 = Release|Any CPU
		{CAFE19C4-4084-4B43-8D25-26807FCECBAF}.AppStore|x86.ActiveCfg = Release|Any CPU
		{CAFE19C4-4084-4B43-8D25-26807FCECBAF}.AppStore|x86.Build.0 = Release|Any CPU
		{CAFE19C4-4084-4B43-8D25-26807FCECBAF}.AppStore|x86.Deploy.0 = Release|Any CPU
		{CAFE19C4-4084-4B43-8D25-26807FCECBAF}.Debug|Any CPU.ActiveCfg = Debug|Any CPU
		{CAFE19C4-4084-4B43-8D25-26807FCECBAF}.Debug|Any CPU.Build.0 = Debug|Any CPU
		{CAFE19C4-4084-4B43-8D25-26807FCECBAF}.Debug|Any CPU.Deploy.0 = Debug|Any CPU
		{CAFE19C4-4084-4B43-8D25-26807FCECBAF}.Debug|ARM.ActiveCfg = Debug|Any CPU
		{CAFE19C4-4084-4B43-8D25-26807FCECBAF}.Debug|ARM.Build.0 = Debug|Any CPU
		{CAFE19C4-4084-4B43-8D25-26807FCECBAF}.Debug|ARM.Deploy.0 = Debug|Any CPU
		{CAFE19C4-4084-4B43-8D25-26807FCECBAF}.Debug|iPhone.ActiveCfg = Debug|Any CPU
		{CAFE19C4-4084-4B43-8D25-26807FCECBAF}.Debug|iPhone.Build.0 = Debug|Any CPU
		{CAFE19C4-4084-4B43-8D25-26807FCECBAF}.Debug|iPhone.Deploy.0 = Debug|Any CPU
		{CAFE19C4-4084-4B43-8D25-26807FCECBAF}.Debug|iPhoneSimulator.ActiveCfg = Debug|Any CPU
		{CAFE19C4-4084-4B43-8D25-26807FCECBAF}.Debug|iPhoneSimulator.Build.0 = Debug|Any CPU
		{CAFE19C4-4084-4B43-8D25-26807FCECBAF}.Debug|iPhoneSimulator.Deploy.0 = Debug|Any CPU
		{CAFE19C4-4084-4B43-8D25-26807FCECBAF}.Debug|x64.ActiveCfg = Debug|Any CPU
		{CAFE19C4-4084-4B43-8D25-26807FCECBAF}.Debug|x64.Build.0 = Debug|Any CPU
		{CAFE19C4-4084-4B43-8D25-26807FCECBAF}.Debug|x64.Deploy.0 = Debug|Any CPU
		{CAFE19C4-4084-4B43-8D25-26807FCECBAF}.Debug|x86.ActiveCfg = Debug|Any CPU
		{CAFE19C4-4084-4B43-8D25-26807FCECBAF}.Debug|x86.Build.0 = Debug|Any CPU
		{CAFE19C4-4084-4B43-8D25-26807FCECBAF}.Debug|x86.Deploy.0 = Debug|Any CPU
		{CAFE19C4-4084-4B43-8D25-26807FCECBAF}.Release|Any CPU.ActiveCfg = Release|Any CPU
		{CAFE19C4-4084-4B43-8D25-26807FCECBAF}.Release|Any CPU.Build.0 = Release|Any CPU
		{CAFE19C4-4084-4B43-8D25-26807FCECBAF}.Release|Any CPU.Deploy.0 = Release|Any CPU
		{CAFE19C4-4084-4B43-8D25-26807FCECBAF}.Release|ARM.ActiveCfg = Release|Any CPU
		{CAFE19C4-4084-4B43-8D25-26807FCECBAF}.Release|ARM.Build.0 = Release|Any CPU
		{CAFE19C4-4084-4B43-8D25-26807FCECBAF}.Release|ARM.Deploy.0 = Release|Any CPU
		{CAFE19C4-4084-4B43-8D25-26807FCECBAF}.Release|iPhone.ActiveCfg = Release|Any CPU
		{CAFE19C4-4084-4B43-8D25-26807FCECBAF}.Release|iPhone.Build.0 = Release|Any CPU
		{CAFE19C4-4084-4B43-8D25-26807FCECBAF}.Release|iPhone.Deploy.0 = Release|Any CPU
		{CAFE19C4-4084-4B43-8D25-26807FCECBAF}.Release|iPhoneSimulator.ActiveCfg = Release|Any CPU
		{CAFE19C4-4084-4B43-8D25-26807FCECBAF}.Release|iPhoneSimulator.Build.0 = Release|Any CPU
		{CAFE19C4-4084-4B43-8D25-26807FCECBAF}.Release|iPhoneSimulator.Deploy.0 = Release|Any CPU
		{CAFE19C4-4084-4B43-8D25-26807FCECBAF}.Release|x64.ActiveCfg = Release|Any CPU
		{CAFE19C4-4084-4B43-8D25-26807FCECBAF}.Release|x64.Build.0 = Release|Any CPU
		{CAFE19C4-4084-4B43-8D25-26807FCECBAF}.Release|x64.Deploy.0 = Release|Any CPU
		{CAFE19C4-4084-4B43-8D25-26807FCECBAF}.Release|x86.ActiveCfg = Release|Any CPU
		{CAFE19C4-4084-4B43-8D25-26807FCECBAF}.Release|x86.Build.0 = Release|Any CPU
		{CAFE19C4-4084-4B43-8D25-26807FCECBAF}.Release|x86.Deploy.0 = Release|Any CPU
		{869A60B5-592C-46D9-BF61-971EECD8ED40}.Ad-Hoc|Any CPU.ActiveCfg = Ad-Hoc|iPhone
		{869A60B5-592C-46D9-BF61-971EECD8ED40}.Ad-Hoc|Any CPU.Build.0 = Ad-Hoc|iPhone
		{869A60B5-592C-46D9-BF61-971EECD8ED40}.Ad-Hoc|Any CPU.Deploy.0 = Ad-Hoc|iPhone
		{869A60B5-592C-46D9-BF61-971EECD8ED40}.Ad-Hoc|ARM.ActiveCfg = Ad-Hoc|iPhone
		{869A60B5-592C-46D9-BF61-971EECD8ED40}.Ad-Hoc|ARM.Build.0 = Ad-Hoc|iPhone
		{869A60B5-592C-46D9-BF61-971EECD8ED40}.Ad-Hoc|ARM.Deploy.0 = Ad-Hoc|iPhone
		{869A60B5-592C-46D9-BF61-971EECD8ED40}.Ad-Hoc|iPhone.ActiveCfg = Ad-Hoc|iPhone
		{869A60B5-592C-46D9-BF61-971EECD8ED40}.Ad-Hoc|iPhone.Build.0 = Ad-Hoc|iPhone
		{869A60B5-592C-46D9-BF61-971EECD8ED40}.Ad-Hoc|iPhone.Deploy.0 = Ad-Hoc|iPhone
		{869A60B5-592C-46D9-BF61-971EECD8ED40}.Ad-Hoc|iPhoneSimulator.ActiveCfg = Ad-Hoc|iPhoneSimulator
		{869A60B5-592C-46D9-BF61-971EECD8ED40}.Ad-Hoc|iPhoneSimulator.Build.0 = Ad-Hoc|iPhoneSimulator
		{869A60B5-592C-46D9-BF61-971EECD8ED40}.Ad-Hoc|iPhoneSimulator.Deploy.0 = Ad-Hoc|iPhoneSimulator
		{869A60B5-592C-46D9-BF61-971EECD8ED40}.Ad-Hoc|x64.ActiveCfg = Ad-Hoc|iPhone
		{869A60B5-592C-46D9-BF61-971EECD8ED40}.Ad-Hoc|x64.Build.0 = Ad-Hoc|iPhone
		{869A60B5-592C-46D9-BF61-971EECD8ED40}.Ad-Hoc|x64.Deploy.0 = Ad-Hoc|iPhone
		{869A60B5-592C-46D9-BF61-971EECD8ED40}.Ad-Hoc|x86.ActiveCfg = Ad-Hoc|iPhone
		{869A60B5-592C-46D9-BF61-971EECD8ED40}.Ad-Hoc|x86.Build.0 = Ad-Hoc|iPhone
		{869A60B5-592C-46D9-BF61-971EECD8ED40}.Ad-Hoc|x86.Deploy.0 = Ad-Hoc|iPhone
		{869A60B5-592C-46D9-BF61-971EECD8ED40}.AppStore|Any CPU.ActiveCfg = AppStore|iPhone
		{869A60B5-592C-46D9-BF61-971EECD8ED40}.AppStore|Any CPU.Build.0 = AppStore|iPhone
		{869A60B5-592C-46D9-BF61-971EECD8ED40}.AppStore|Any CPU.Deploy.0 = AppStore|iPhone
		{869A60B5-592C-46D9-BF61-971EECD8ED40}.AppStore|ARM.ActiveCfg = AppStore|iPhone
		{869A60B5-592C-46D9-BF61-971EECD8ED40}.AppStore|ARM.Build.0 = AppStore|iPhone
		{869A60B5-592C-46D9-BF61-971EECD8ED40}.AppStore|ARM.Deploy.0 = AppStore|iPhone
		{869A60B5-592C-46D9-BF61-971EECD8ED40}.AppStore|iPhone.ActiveCfg = AppStore|iPhone
		{869A60B5-592C-46D9-BF61-971EECD8ED40}.AppStore|iPhone.Build.0 = AppStore|iPhone
		{869A60B5-592C-46D9-BF61-971EECD8ED40}.AppStore|iPhone.Deploy.0 = AppStore|iPhone
		{869A60B5-592C-46D9-BF61-971EECD8ED40}.AppStore|iPhoneSimulator.ActiveCfg = AppStore|iPhoneSimulator
		{869A60B5-592C-46D9-BF61-971EECD8ED40}.AppStore|iPhoneSimulator.Build.0 = AppStore|iPhoneSimulator
		{869A60B5-592C-46D9-BF61-971EECD8ED40}.AppStore|iPhoneSimulator.Deploy.0 = AppStore|iPhoneSimulator
		{869A60B5-592C-46D9-BF61-971EECD8ED40}.AppStore|x64.ActiveCfg = AppStore|iPhone
		{869A60B5-592C-46D9-BF61-971EECD8ED40}.AppStore|x64.Build.0 = AppStore|iPhone
		{869A60B5-592C-46D9-BF61-971EECD8ED40}.AppStore|x64.Deploy.0 = AppStore|iPhone
		{869A60B5-592C-46D9-BF61-971EECD8ED40}.AppStore|x86.ActiveCfg = AppStore|iPhone
		{869A60B5-592C-46D9-BF61-971EECD8ED40}.AppStore|x86.Build.0 = AppStore|iPhone
		{869A60B5-592C-46D9-BF61-971EECD8ED40}.AppStore|x86.Deploy.0 = AppStore|iPhone
		{869A60B5-592C-46D9-BF61-971EECD8ED40}.Debug|Any CPU.ActiveCfg = Debug|iPhoneSimulator
		{869A60B5-592C-46D9-BF61-971EECD8ED40}.Debug|Any CPU.Build.0 = Debug|iPhoneSimulator
		{869A60B5-592C-46D9-BF61-971EECD8ED40}.Debug|Any CPU.Deploy.0 = Debug|iPhoneSimulator
		{869A60B5-592C-46D9-BF61-971EECD8ED40}.Debug|ARM.ActiveCfg = Debug|iPhone
		{869A60B5-592C-46D9-BF61-971EECD8ED40}.Debug|ARM.Build.0 = Debug|iPhone
		{869A60B5-592C-46D9-BF61-971EECD8ED40}.Debug|ARM.Deploy.0 = Debug|iPhone
		{869A60B5-592C-46D9-BF61-971EECD8ED40}.Debug|iPhone.ActiveCfg = Debug|iPhone
		{869A60B5-592C-46D9-BF61-971EECD8ED40}.Debug|iPhone.Build.0 = Debug|iPhone
		{869A60B5-592C-46D9-BF61-971EECD8ED40}.Debug|iPhone.Deploy.0 = Debug|iPhone
		{869A60B5-592C-46D9-BF61-971EECD8ED40}.Debug|iPhoneSimulator.ActiveCfg = Debug|iPhoneSimulator
		{869A60B5-592C-46D9-BF61-971EECD8ED40}.Debug|iPhoneSimulator.Build.0 = Debug|iPhoneSimulator
		{869A60B5-592C-46D9-BF61-971EECD8ED40}.Debug|iPhoneSimulator.Deploy.0 = Debug|iPhoneSimulator
		{869A60B5-592C-46D9-BF61-971EECD8ED40}.Debug|x64.ActiveCfg = Debug|iPhone
		{869A60B5-592C-46D9-BF61-971EECD8ED40}.Debug|x64.Build.0 = Debug|iPhone
		{869A60B5-592C-46D9-BF61-971EECD8ED40}.Debug|x64.Deploy.0 = Debug|iPhone
		{869A60B5-592C-46D9-BF61-971EECD8ED40}.Debug|x86.ActiveCfg = Debug|iPhone
		{869A60B5-592C-46D9-BF61-971EECD8ED40}.Debug|x86.Build.0 = Debug|iPhone
		{869A60B5-592C-46D9-BF61-971EECD8ED40}.Debug|x86.Deploy.0 = Debug|iPhone
		{869A60B5-592C-46D9-BF61-971EECD8ED40}.Release|Any CPU.ActiveCfg = Release|iPhone
		{869A60B5-592C-46D9-BF61-971EECD8ED40}.Release|Any CPU.Build.0 = Release|iPhone
		{869A60B5-592C-46D9-BF61-971EECD8ED40}.Release|Any CPU.Deploy.0 = Release|iPhone
		{869A60B5-592C-46D9-BF61-971EECD8ED40}.Release|ARM.ActiveCfg = Release|iPhone
		{869A60B5-592C-46D9-BF61-971EECD8ED40}.Release|ARM.Build.0 = Release|iPhone
		{869A60B5-592C-46D9-BF61-971EECD8ED40}.Release|ARM.Deploy.0 = Release|iPhone
		{869A60B5-592C-46D9-BF61-971EECD8ED40}.Release|iPhone.ActiveCfg = Release|iPhone
		{869A60B5-592C-46D9-BF61-971EECD8ED40}.Release|iPhone.Build.0 = Release|iPhone
		{869A60B5-592C-46D9-BF61-971EECD8ED40}.Release|iPhone.Deploy.0 = Release|iPhone
		{869A60B5-592C-46D9-BF61-971EECD8ED40}.Release|iPhoneSimulator.ActiveCfg = Release|iPhoneSimulator
		{869A60B5-592C-46D9-BF61-971EECD8ED40}.Release|iPhoneSimulator.Build.0 = Release|iPhoneSimulator
		{869A60B5-592C-46D9-BF61-971EECD8ED40}.Release|iPhoneSimulator.Deploy.0 = Release|iPhoneSimulator
		{869A60B5-592C-46D9-BF61-971EECD8ED40}.Release|x64.ActiveCfg = Release|iPhone
		{869A60B5-592C-46D9-BF61-971EECD8ED40}.Release|x64.Build.0 = Release|iPhone
		{869A60B5-592C-46D9-BF61-971EECD8ED40}.Release|x64.Deploy.0 = Release|iPhone
		{869A60B5-592C-46D9-BF61-971EECD8ED40}.Release|x86.ActiveCfg = Release|iPhone
		{869A60B5-592C-46D9-BF61-971EECD8ED40}.Release|x86.Build.0 = Release|iPhone
		{869A60B5-592C-46D9-BF61-971EECD8ED40}.Release|x86.Deploy.0 = Release|iPhone
		{573517A2-A476-40A9-BC45-31D9FC1C611E}.Ad-Hoc|Any CPU.ActiveCfg = Release|x86
		{573517A2-A476-40A9-BC45-31D9FC1C611E}.Ad-Hoc|Any CPU.Build.0 = Release|x86
		{573517A2-A476-40A9-BC45-31D9FC1C611E}.Ad-Hoc|Any CPU.Deploy.0 = Release|x86
		{573517A2-A476-40A9-BC45-31D9FC1C611E}.Ad-Hoc|ARM.ActiveCfg = Release|ARM
		{573517A2-A476-40A9-BC45-31D9FC1C611E}.Ad-Hoc|ARM.Build.0 = Release|ARM
		{573517A2-A476-40A9-BC45-31D9FC1C611E}.Ad-Hoc|ARM.Deploy.0 = Release|ARM
		{573517A2-A476-40A9-BC45-31D9FC1C611E}.Ad-Hoc|iPhone.ActiveCfg = Release|x86
		{573517A2-A476-40A9-BC45-31D9FC1C611E}.Ad-Hoc|iPhone.Build.0 = Release|x86
		{573517A2-A476-40A9-BC45-31D9FC1C611E}.Ad-Hoc|iPhone.Deploy.0 = Release|x86
		{573517A2-A476-40A9-BC45-31D9FC1C611E}.Ad-Hoc|iPhoneSimulator.ActiveCfg = Release|x86
		{573517A2-A476-40A9-BC45-31D9FC1C611E}.Ad-Hoc|iPhoneSimulator.Build.0 = Release|x86
		{573517A2-A476-40A9-BC45-31D9FC1C611E}.Ad-Hoc|iPhoneSimulator.Deploy.0 = Release|x86
		{573517A2-A476-40A9-BC45-31D9FC1C611E}.Ad-Hoc|x64.ActiveCfg = Release|x64
		{573517A2-A476-40A9-BC45-31D9FC1C611E}.Ad-Hoc|x64.Build.0 = Release|x64
		{573517A2-A476-40A9-BC45-31D9FC1C611E}.Ad-Hoc|x64.Deploy.0 = Release|x64
		{573517A2-A476-40A9-BC45-31D9FC1C611E}.Ad-Hoc|x86.ActiveCfg = Release|x86
		{573517A2-A476-40A9-BC45-31D9FC1C611E}.Ad-Hoc|x86.Build.0 = Release|x86
		{573517A2-A476-40A9-BC45-31D9FC1C611E}.Ad-Hoc|x86.Deploy.0 = Release|x86
		{573517A2-A476-40A9-BC45-31D9FC1C611E}.AppStore|Any CPU.ActiveCfg = Release|x86
		{573517A2-A476-40A9-BC45-31D9FC1C611E}.AppStore|Any CPU.Build.0 = Release|x86
		{573517A2-A476-40A9-BC45-31D9FC1C611E}.AppStore|Any CPU.Deploy.0 = Release|x86
		{573517A2-A476-40A9-BC45-31D9FC1C611E}.AppStore|ARM.ActiveCfg = Release|ARM
		{573517A2-A476-40A9-BC45-31D9FC1C611E}.AppStore|ARM.Build.0 = Release|ARM
		{573517A2-A476-40A9-BC45-31D9FC1C611E}.AppStore|ARM.Deploy.0 = Release|ARM
		{573517A2-A476-40A9-BC45-31D9FC1C611E}.AppStore|iPhone.ActiveCfg = Release|x86
		{573517A2-A476-40A9-BC45-31D9FC1C611E}.AppStore|iPhone.Build.0 = Release|x86
		{573517A2-A476-40A9-BC45-31D9FC1C611E}.AppStore|iPhone.Deploy.0 = Release|x86
		{573517A2-A476-40A9-BC45-31D9FC1C611E}.AppStore|iPhoneSimulator.ActiveCfg = Release|x86
		{573517A2-A476-40A9-BC45-31D9FC1C611E}.AppStore|iPhoneSimulator.Build.0 = Release|x86
		{573517A2-A476-40A9-BC45-31D9FC1C611E}.AppStore|iPhoneSimulator.Deploy.0 = Release|x86
		{573517A2-A476-40A9-BC45-31D9FC1C611E}.AppStore|x64.ActiveCfg = Release|x64
		{573517A2-A476-40A9-BC45-31D9FC1C611E}.AppStore|x64.Build.0 = Release|x64
		{573517A2-A476-40A9-BC45-31D9FC1C611E}.AppStore|x64.Deploy.0 = Release|x64
		{573517A2-A476-40A9-BC45-31D9FC1C611E}.AppStore|x86.ActiveCfg = Release|x86
		{573517A2-A476-40A9-BC45-31D9FC1C611E}.AppStore|x86.Build.0 = Release|x86
		{573517A2-A476-40A9-BC45-31D9FC1C611E}.AppStore|x86.Deploy.0 = Release|x86
		{573517A2-A476-40A9-BC45-31D9FC1C611E}.Debug|Any CPU.ActiveCfg = Debug|x86
		{573517A2-A476-40A9-BC45-31D9FC1C611E}.Debug|Any CPU.Build.0 = Debug|x86
		{573517A2-A476-40A9-BC45-31D9FC1C611E}.Debug|Any CPU.Deploy.0 = Debug|x86
		{573517A2-A476-40A9-BC45-31D9FC1C611E}.Debug|ARM.ActiveCfg = Debug|ARM
		{573517A2-A476-40A9-BC45-31D9FC1C611E}.Debug|ARM.Build.0 = Debug|ARM
		{573517A2-A476-40A9-BC45-31D9FC1C611E}.Debug|ARM.Deploy.0 = Debug|ARM
		{573517A2-A476-40A9-BC45-31D9FC1C611E}.Debug|iPhone.ActiveCfg = Debug|x86
		{573517A2-A476-40A9-BC45-31D9FC1C611E}.Debug|iPhone.Build.0 = Debug|x86
		{573517A2-A476-40A9-BC45-31D9FC1C611E}.Debug|iPhone.Deploy.0 = Debug|x86
		{573517A2-A476-40A9-BC45-31D9FC1C611E}.Debug|iPhoneSimulator.ActiveCfg = Debug|x86
		{573517A2-A476-40A9-BC45-31D9FC1C611E}.Debug|iPhoneSimulator.Build.0 = Debug|x86
		{573517A2-A476-40A9-BC45-31D9FC1C611E}.Debug|iPhoneSimulator.Deploy.0 = Debug|x86
		{573517A2-A476-40A9-BC45-31D9FC1C611E}.Debug|x64.ActiveCfg = Debug|x64
		{573517A2-A476-40A9-BC45-31D9FC1C611E}.Debug|x64.Build.0 = Debug|x64
		{573517A2-A476-40A9-BC45-31D9FC1C611E}.Debug|x64.Deploy.0 = Debug|x64
		{573517A2-A476-40A9-BC45-31D9FC1C611E}.Debug|x86.ActiveCfg = Debug|x86
		{573517A2-A476-40A9-BC45-31D9FC1C611E}.Debug|x86.Build.0 = Debug|x86
		{573517A2-A476-40A9-BC45-31D9FC1C611E}.Debug|x86.Deploy.0 = Debug|x86
		{573517A2-A476-40A9-BC45-31D9FC1C611E}.Release|Any CPU.ActiveCfg = Release|x86
		{573517A2-A476-40A9-BC45-31D9FC1C611E}.Release|Any CPU.Build.0 = Release|x86
		{573517A2-A476-40A9-BC45-31D9FC1C611E}.Release|Any CPU.Deploy.0 = Release|x86
		{573517A2-A476-40A9-BC45-31D9FC1C611E}.Release|ARM.ActiveCfg = Release|ARM
		{573517A2-A476-40A9-BC45-31D9FC1C611E}.Release|ARM.Build.0 = Release|ARM
		{573517A2-A476-40A9-BC45-31D9FC1C611E}.Release|ARM.Deploy.0 = Release|ARM
		{573517A2-A476-40A9-BC45-31D9FC1C611E}.Release|iPhone.ActiveCfg = Release|x86
		{573517A2-A476-40A9-BC45-31D9FC1C611E}.Release|iPhone.Build.0 = Release|x86
		{573517A2-A476-40A9-BC45-31D9FC1C611E}.Release|iPhone.Deploy.0 = Release|x86
		{573517A2-A476-40A9-BC45-31D9FC1C611E}.Release|iPhoneSimulator.ActiveCfg = Release|x86
		{573517A2-A476-40A9-BC45-31D9FC1C611E}.Release|iPhoneSimulator.Build.0 = Release|x86
		{573517A2-A476-40A9-BC45-31D9FC1C611E}.Release|iPhoneSimulator.Deploy.0 = Release|x86
		{573517A2-A476-40A9-BC45-31D9FC1C611E}.Release|x64.ActiveCfg = Release|x64
		{573517A2-A476-40A9-BC45-31D9FC1C611E}.Release|x64.Build.0 = Release|x64
		{573517A2-A476-40A9-BC45-31D9FC1C611E}.Release|x64.Deploy.0 = Release|x64
		{573517A2-A476-40A9-BC45-31D9FC1C611E}.Release|x86.ActiveCfg = Release|x86
		{573517A2-A476-40A9-BC45-31D9FC1C611E}.Release|x86.Build.0 = Release|x86
		{573517A2-A476-40A9-BC45-31D9FC1C611E}.Release|x86.Deploy.0 = Release|x86
		{0FDEE3D1-42CB-4BDA-AA4F-6CB1D2417CCB}.Ad-Hoc|Any CPU.ActiveCfg = Debug|Any CPU
		{0FDEE3D1-42CB-4BDA-AA4F-6CB1D2417CCB}.Ad-Hoc|Any CPU.Build.0 = Debug|Any CPU
		{0FDEE3D1-42CB-4BDA-AA4F-6CB1D2417CCB}.Ad-Hoc|Any CPU.Deploy.0 = Debug|Any CPU
		{0FDEE3D1-42CB-4BDA-AA4F-6CB1D2417CCB}.Ad-Hoc|ARM.ActiveCfg = Debug|Any CPU
		{0FDEE3D1-42CB-4BDA-AA4F-6CB1D2417CCB}.Ad-Hoc|ARM.Build.0 = Debug|Any CPU
		{0FDEE3D1-42CB-4BDA-AA4F-6CB1D2417CCB}.Ad-Hoc|ARM.Deploy.0 = Debug|Any CPU
		{0FDEE3D1-42CB-4BDA-AA4F-6CB1D2417CCB}.Ad-Hoc|iPhone.ActiveCfg = Debug|Any CPU
		{0FDEE3D1-42CB-4BDA-AA4F-6CB1D2417CCB}.Ad-Hoc|iPhone.Build.0 = Debug|Any CPU
		{0FDEE3D1-42CB-4BDA-AA4F-6CB1D2417CCB}.Ad-Hoc|iPhone.Deploy.0 = Debug|Any CPU
		{0FDEE3D1-42CB-4BDA-AA4F-6CB1D2417CCB}.Ad-Hoc|iPhoneSimulator.ActiveCfg = Debug|Any CPU
		{0FDEE3D1-42CB-4BDA-AA4F-6CB1D2417CCB}.Ad-Hoc|iPhoneSimulator.Build.0 = Debug|Any CPU
		{0FDEE3D1-42CB-4BDA-AA4F-6CB1D2417CCB}.Ad-Hoc|iPhoneSimulator.Deploy.0 = Debug|Any CPU
		{0FDEE3D1-42CB-4BDA-AA4F-6CB1D2417CCB}.Ad-Hoc|x64.ActiveCfg = Debug|Any CPU
		{0FDEE3D1-42CB-4BDA-AA4F-6CB1D2417CCB}.Ad-Hoc|x64.Build.0 = Debug|Any CPU
		{0FDEE3D1-42CB-4BDA-AA4F-6CB1D2417CCB}.Ad-Hoc|x64.Deploy.0 = Debug|Any CPU
		{0FDEE3D1-42CB-4BDA-AA4F-6CB1D2417CCB}.Ad-Hoc|x86.ActiveCfg = Debug|Any CPU
		{0FDEE3D1-42CB-4BDA-AA4F-6CB1D2417CCB}.Ad-Hoc|x86.Build.0 = Debug|Any CPU
		{0FDEE3D1-42CB-4BDA-AA4F-6CB1D2417CCB}.Ad-Hoc|x86.Deploy.0 = Debug|Any CPU
		{0FDEE3D1-42CB-4BDA-AA4F-6CB1D2417CCB}.AppStore|Any CPU.ActiveCfg = Debug|Any CPU
		{0FDEE3D1-42CB-4BDA-AA4F-6CB1D2417CCB}.AppStore|Any CPU.Build.0 = Debug|Any CPU
		{0FDEE3D1-42CB-4BDA-AA4F-6CB1D2417CCB}.AppStore|Any CPU.Deploy.0 = Debug|Any CPU
		{0FDEE3D1-42CB-4BDA-AA4F-6CB1D2417CCB}.AppStore|ARM.ActiveCfg = Debug|Any CPU
		{0FDEE3D1-42CB-4BDA-AA4F-6CB1D2417CCB}.AppStore|ARM.Build.0 = Debug|Any CPU
		{0FDEE3D1-42CB-4BDA-AA4F-6CB1D2417CCB}.AppStore|ARM.Deploy.0 = Debug|Any CPU
		{0FDEE3D1-42CB-4BDA-AA4F-6CB1D2417CCB}.AppStore|iPhone.ActiveCfg = Debug|Any CPU
		{0FDEE3D1-42CB-4BDA-AA4F-6CB1D2417CCB}.AppStore|iPhone.Build.0 = Debug|Any CPU
		{0FDEE3D1-42CB-4BDA-AA4F-6CB1D2417CCB}.AppStore|iPhone.Deploy.0 = Debug|Any CPU
		{0FDEE3D1-42CB-4BDA-AA4F-6CB1D2417CCB}.AppStore|iPhoneSimulator.ActiveCfg = Debug|Any CPU
		{0FDEE3D1-42CB-4BDA-AA4F-6CB1D2417CCB}.AppStore|iPhoneSimulator.Build.0 = Debug|Any CPU
		{0FDEE3D1-42CB-4BDA-AA4F-6CB1D2417CCB}.AppStore|iPhoneSimulator.Deploy.0 = Debug|Any CPU
		{0FDEE3D1-42CB-4BDA-AA4F-6CB1D2417CCB}.AppStore|x64.ActiveCfg = Debug|Any CPU
		{0FDEE3D1-42CB-4BDA-AA4F-6CB1D2417CCB}.AppStore|x64.Build.0 = Debug|Any CPU
		{0FDEE3D1-42CB-4BDA-AA4F-6CB1D2417CCB}.AppStore|x64.Deploy.0 = Debug|Any CPU
		{0FDEE3D1-42CB-4BDA-AA4F-6CB1D2417CCB}.AppStore|x86.ActiveCfg = Debug|Any CPU
		{0FDEE3D1-42CB-4BDA-AA4F-6CB1D2417CCB}.AppStore|x86.Build.0 = Debug|Any CPU
		{0FDEE3D1-42CB-4BDA-AA4F-6CB1D2417CCB}.AppStore|x86.Deploy.0 = Debug|Any CPU
		{0FDEE3D1-42CB-4BDA-AA4F-6CB1D2417CCB}.Debug|Any CPU.ActiveCfg = Debug|Any CPU
		{0FDEE3D1-42CB-4BDA-AA4F-6CB1D2417CCB}.Debug|Any CPU.Build.0 = Debug|Any CPU
		{0FDEE3D1-42CB-4BDA-AA4F-6CB1D2417CCB}.Debug|Any CPU.Deploy.0 = Debug|Any CPU
		{0FDEE3D1-42CB-4BDA-AA4F-6CB1D2417CCB}.Debug|ARM.ActiveCfg = Debug|Any CPU
		{0FDEE3D1-42CB-4BDA-AA4F-6CB1D2417CCB}.Debug|ARM.Build.0 = Debug|Any CPU
		{0FDEE3D1-42CB-4BDA-AA4F-6CB1D2417CCB}.Debug|ARM.Deploy.0 = Debug|Any CPU
		{0FDEE3D1-42CB-4BDA-AA4F-6CB1D2417CCB}.Debug|iPhone.ActiveCfg = Debug|Any CPU
		{0FDEE3D1-42CB-4BDA-AA4F-6CB1D2417CCB}.Debug|iPhone.Build.0 = Debug|Any CPU
		{0FDEE3D1-42CB-4BDA-AA4F-6CB1D2417CCB}.Debug|iPhone.Deploy.0 = Debug|Any CPU
		{0FDEE3D1-42CB-4BDA-AA4F-6CB1D2417CCB}.Debug|iPhoneSimulator.ActiveCfg = Debug|Any CPU
		{0FDEE3D1-42CB-4BDA-AA4F-6CB1D2417CCB}.Debug|iPhoneSimulator.Build.0 = Debug|Any CPU
		{0FDEE3D1-42CB-4BDA-AA4F-6CB1D2417CCB}.Debug|iPhoneSimulator.Deploy.0 = Debug|Any CPU
		{0FDEE3D1-42CB-4BDA-AA4F-6CB1D2417CCB}.Debug|x64.ActiveCfg = Debug|Any CPU
		{0FDEE3D1-42CB-4BDA-AA4F-6CB1D2417CCB}.Debug|x64.Build.0 = Debug|Any CPU
		{0FDEE3D1-42CB-4BDA-AA4F-6CB1D2417CCB}.Debug|x64.Deploy.0 = Debug|Any CPU
		{0FDEE3D1-42CB-4BDA-AA4F-6CB1D2417CCB}.Debug|x86.ActiveCfg = Debug|Any CPU
		{0FDEE3D1-42CB-4BDA-AA4F-6CB1D2417CCB}.Debug|x86.Build.0 = Debug|Any CPU
		{0FDEE3D1-42CB-4BDA-AA4F-6CB1D2417CCB}.Debug|x86.Deploy.0 = Debug|Any CPU
		{0FDEE3D1-42CB-4BDA-AA4F-6CB1D2417CCB}.Release|Any CPU.ActiveCfg = Release|Any CPU
		{0FDEE3D1-42CB-4BDA-AA4F-6CB1D2417CCB}.Release|Any CPU.Build.0 = Release|Any CPU
		{0FDEE3D1-42CB-4BDA-AA4F-6CB1D2417CCB}.Release|Any CPU.Deploy.0 = Release|Any CPU
		{0FDEE3D1-42CB-4BDA-AA4F-6CB1D2417CCB}.Release|ARM.ActiveCfg = Release|Any CPU
		{0FDEE3D1-42CB-4BDA-AA4F-6CB1D2417CCB}.Release|ARM.Build.0 = Release|Any CPU
		{0FDEE3D1-42CB-4BDA-AA4F-6CB1D2417CCB}.Release|ARM.Deploy.0 = Release|Any CPU
		{0FDEE3D1-42CB-4BDA-AA4F-6CB1D2417CCB}.Release|iPhone.ActiveCfg = Release|Any CPU
		{0FDEE3D1-42CB-4BDA-AA4F-6CB1D2417CCB}.Release|iPhone.Build.0 = Release|Any CPU
		{0FDEE3D1-42CB-4BDA-AA4F-6CB1D2417CCB}.Release|iPhone.Deploy.0 = Release|Any CPU
		{0FDEE3D1-42CB-4BDA-AA4F-6CB1D2417CCB}.Release|iPhoneSimulator.ActiveCfg = Release|Any CPU
		{0FDEE3D1-42CB-4BDA-AA4F-6CB1D2417CCB}.Release|iPhoneSimulator.Build.0 = Release|Any CPU
		{0FDEE3D1-42CB-4BDA-AA4F-6CB1D2417CCB}.Release|iPhoneSimulator.Deploy.0 = Release|Any CPU
		{0FDEE3D1-42CB-4BDA-AA4F-6CB1D2417CCB}.Release|x64.ActiveCfg = Release|Any CPU
		{0FDEE3D1-42CB-4BDA-AA4F-6CB1D2417CCB}.Release|x64.Build.0 = Release|Any CPU
		{0FDEE3D1-42CB-4BDA-AA4F-6CB1D2417CCB}.Release|x64.Deploy.0 = Release|Any CPU
		{0FDEE3D1-42CB-4BDA-AA4F-6CB1D2417CCB}.Release|x86.ActiveCfg = Release|Any CPU
		{0FDEE3D1-42CB-4BDA-AA4F-6CB1D2417CCB}.Release|x86.Build.0 = Release|Any CPU
		{0FDEE3D1-42CB-4BDA-AA4F-6CB1D2417CCB}.Release|x86.Deploy.0 = Release|Any CPU
	EndGlobalSection
	GlobalSection(SolutionProperties) = preSolution
		HideSolutionNode = FALSE
	EndGlobalSection
	GlobalSection(ExtensibilityGlobals) = postSolution
		SolutionGuid = {22B580A1-AB68-43FF-A3C4-068613367A34}
	EndGlobalSection
EndGlobal
